// !$*UTF8*$!
{
	archiveVersion = 1;
	classes = {
	};
	objectVersion = 46;
	objects = {

/* Begin PBXBuildFile section */
		14428E171E8494D2001E6B78 /* AppDelegate.swift in Sources */ = {isa = PBXBuildFile; fileRef = 14428E161E8494D2001E6B78 /* AppDelegate.swift */; };
		14428E191E8494D2001E6B78 /* ViewController.swift in Sources */ = {isa = PBXBuildFile; fileRef = 14428E181E8494D2001E6B78 /* ViewController.swift */; };
		14428E1C1E8494D2001E6B78 /* Main.storyboard in Resources */ = {isa = PBXBuildFile; fileRef = 14428E1A1E8494D2001E6B78 /* Main.storyboard */; };
		14428E1E1E8494D2001E6B78 /* Assets.xcassets in Resources */ = {isa = PBXBuildFile; fileRef = 14428E1D1E8494D2001E6B78 /* Assets.xcassets */; };
		14428E211E8494D2001E6B78 /* LaunchScreen.storyboard in Resources */ = {isa = PBXBuildFile; fileRef = 14428E1F1E8494D2001E6B78 /* LaunchScreen.storyboard */; };
		14428E2C1E8494D2001E6B78 /* CI_ComparisonsTests.swift in Sources */ = {isa = PBXBuildFile; fileRef = 14428E2B1E8494D2001E6B78 /* CI_ComparisonsTests.swift */; };
/* End PBXBuildFile section */

/* Begin PBXContainerItemProxy section */
		14428E281E8494D2001E6B78 /* PBXContainerItemProxy */ = {
			isa = PBXContainerItemProxy;
			containerPortal = 14428E0B1E8494D2001E6B78 /* Project object */;
			proxyType = 1;
			remoteGlobalIDString = 14428E121E8494D2001E6B78;
			remoteInfo = "CI-Comparisons";
		};
/* End PBXContainerItemProxy section */

/* Begin PBXFileReference section */
		14428E131E8494D2001E6B78 /* CI-Comparisons.app */ = {isa = PBXFileReference; explicitFileType = wrapper.application; includeInIndex = 0; path = "CI-Comparisons.app"; sourceTree = BUILT_PRODUCTS_DIR; };
		14428E161E8494D2001E6B78 /* AppDelegate.swift */ = {isa = PBXFileReference; lastKnownFileType = sourcecode.swift; path = AppDelegate.swift; sourceTree = "<group>"; };
		14428E181E8494D2001E6B78 /* ViewController.swift */ = {isa = PBXFileReference; lastKnownFileType = sourcecode.swift; path = ViewController.swift; sourceTree = "<group>"; };
		14428E1B1E8494D2001E6B78 /* Base */ = {isa = PBXFileReference; lastKnownFileType = file.storyboard; name = Base; path = Base.lproj/Main.storyboard; sourceTree = "<group>"; };
		14428E1D1E8494D2001E6B78 /* Assets.xcassets */ = {isa = PBXFileReference; lastKnownFileType = folder.assetcatalog; path = Assets.xcassets; sourceTree = "<group>"; };
		14428E201E8494D2001E6B78 /* Base */ = {isa = PBXFileReference; lastKnownFileType = file.storyboard; name = Base; path = Base.lproj/LaunchScreen.storyboard; sourceTree = "<group>"; };
		14428E221E8494D2001E6B78 /* Info.plist */ = {isa = PBXFileReference; lastKnownFileType = text.plist.xml; path = Info.plist; sourceTree = "<group>"; };
		14428E271E8494D2001E6B78 /* CI-ComparisonsTests.xctest */ = {isa = PBXFileReference; explicitFileType = wrapper.cfbundle; includeInIndex = 0; path = "CI-ComparisonsTests.xctest"; sourceTree = BUILT_PRODUCTS_DIR; };
		14428E2B1E8494D2001E6B78 /* CI_ComparisonsTests.swift */ = {isa = PBXFileReference; lastKnownFileType = sourcecode.swift; path = CI_ComparisonsTests.swift; sourceTree = "<group>"; };
		14428E2D1E8494D2001E6B78 /* Info.plist */ = {isa = PBXFileReference; lastKnownFileType = text.plist.xml; path = Info.plist; sourceTree = "<group>"; };
/* End PBXFileReference section */

/* Begin PBXFrameworksBuildPhase section */
		14428E101E8494D2001E6B78 /* Frameworks */ = {
			isa = PBXFrameworksBuildPhase;
			buildActionMask = 2147483647;
			files = (
			);
			runOnlyForDeploymentPostprocessing = 0;
		};
		14428E241E8494D2001E6B78 /* Frameworks */ = {
			isa = PBXFrameworksBuildPhase;
			buildActionMask = 2147483647;
			files = (
			);
			runOnlyForDeploymentPostprocessing = 0;
		};
/* End PBXFrameworksBuildPhase section */

/* Begin PBXGroup section */
		14428E0A1E8494D2001E6B78 = {
			isa = PBXGroup;
			children = (
				14428E151E8494D2001E6B78 /* CI-Comparisons */,
				14428E2A1E8494D2001E6B78 /* CI-ComparisonsTests */,
				14428E141E8494D2001E6B78 /* Products */,
			);
			sourceTree = "<group>";
		};
		14428E141E8494D2001E6B78 /* Products */ = {
			isa = PBXGroup;
			children = (
				14428E131E8494D2001E6B78 /* CI-Comparisons.app */,
				14428E271E8494D2001E6B78 /* CI-ComparisonsTests.xctest */,
			);
			name = Products;
			sourceTree = "<group>";
		};
		14428E151E8494D2001E6B78 /* CI-Comparisons */ = {
			isa = PBXGroup;
			children = (
				14428E161E8494D2001E6B78 /* AppDelegate.swift */,
				14428E181E8494D2001E6B78 /* ViewController.swift */,
				14428E1A1E8494D2001E6B78 /* Main.storyboard */,
				14428E1D1E8494D2001E6B78 /* Assets.xcassets */,
				14428E1F1E8494D2001E6B78 /* LaunchScreen.storyboard */,
				14428E221E8494D2001E6B78 /* Info.plist */,
			);
			path = "CI-Comparisons";
			sourceTree = "<group>";
		};
		14428E2A1E8494D2001E6B78 /* CI-ComparisonsTests */ = {
			isa = PBXGroup;
			children = (
				14428E2B1E8494D2001E6B78 /* CI_ComparisonsTests.swift */,
				14428E2D1E8494D2001E6B78 /* Info.plist */,
			);
			path = "CI-ComparisonsTests";
			sourceTree = "<group>";
		};
/* End PBXGroup section */

/* Begin PBXNativeTarget section */
		14428E121E8494D2001E6B78 /* CI-Comparisons */ = {
			isa = PBXNativeTarget;
			buildConfigurationList = 14428E301E8494D2001E6B78 /* Build configuration list for PBXNativeTarget "CI-Comparisons" */;
			buildPhases = (
				14428E0F1E8494D2001E6B78 /* Sources */,
				14428E101E8494D2001E6B78 /* Frameworks */,
				14428E111E8494D2001E6B78 /* Resources */,
			);
			buildRules = (
			);
			dependencies = (
			);
			name = "CI-Comparisons";
			productName = "CI-Comparisons";
			productReference = 14428E131E8494D2001E6B78 /* CI-Comparisons.app */;
			productType = "com.apple.product-type.application";
		};
		14428E261E8494D2001E6B78 /* CI-ComparisonsTests */ = {
			isa = PBXNativeTarget;
			buildConfigurationList = 14428E331E8494D2001E6B78 /* Build configuration list for PBXNativeTarget "CI-ComparisonsTests" */;
			buildPhases = (
				14428E231E8494D2001E6B78 /* Sources */,
				14428E241E8494D2001E6B78 /* Frameworks */,
				14428E251E8494D2001E6B78 /* Resources */,
			);
			buildRules = (
			);
			dependencies = (
				14428E291E8494D2001E6B78 /* PBXTargetDependency */,
			);
			name = "CI-ComparisonsTests";
			productName = "CI-ComparisonsTests";
			productReference = 14428E271E8494D2001E6B78 /* CI-ComparisonsTests.xctest */;
			productType = "com.apple.product-type.bundle.unit-test";
		};
/* End PBXNativeTarget section */

/* Begin PBXProject section */
		14428E0B1E8494D2001E6B78 /* Project object */ = {
			isa = PBXProject;
			attributes = {
				LastSwiftUpdateCheck = 0820;
				LastUpgradeCheck = 0820;
				ORGANIZATIONNAME = AccessCode;
				TargetAttributes = {
					14428E121E8494D2001E6B78 = {
						CreatedOnToolsVersion = 8.2.1;
						ProvisioningStyle = Automatic;
					};
					14428E261E8494D2001E6B78 = {
						CreatedOnToolsVersion = 8.2.1;
						ProvisioningStyle = Automatic;
						TestTargetID = 14428E121E8494D2001E6B78;
					};
				};
			};
			buildConfigurationList = 14428E0E1E8494D2001E6B78 /* Build configuration list for PBXProject "CI-Comparisons" */;
			compatibilityVersion = "Xcode 3.2";
			developmentRegion = English;
			hasScannedForEncodings = 0;
			knownRegions = (
				en,
				Base,
			);
			mainGroup = 14428E0A1E8494D2001E6B78;
			productRefGroup = 14428E141E8494D2001E6B78 /* Products */;
			projectDirPath = "";
			projectRoot = "";
			targets = (
				14428E121E8494D2001E6B78 /* CI-Comparisons */,
				14428E261E8494D2001E6B78 /* CI-ComparisonsTests */,
			);
		};
/* End PBXProject section */

/* Begin PBXResourcesBuildPhase section */
		14428E111E8494D2001E6B78 /* Resources */ = {
			isa = PBXResourcesBuildPhase;
			buildActionMask = 2147483647;
			files = (
				14428E211E8494D2001E6B78 /* LaunchScreen.storyboard in Resources */,
				14428E1E1E8494D2001E6B78 /* Assets.xcassets in Resources */,
				14428E1C1E8494D2001E6B78 /* Main.storyboard in Resources */,
			);
			runOnlyForDeploymentPostprocessing = 0;
		};
		14428E251E8494D2001E6B78 /* Resources */ = {
			isa = PBXResourcesBuildPhase;
			buildActionMask = 2147483647;
			files = (
			);
			runOnlyForDeploymentPostprocessing = 0;
		};
/* End PBXResourcesBuildPhase section */

/* Begin PBXSourcesBuildPhase section */
		14428E0F1E8494D2001E6B78 /* Sources */ = {
			isa = PBXSourcesBuildPhase;
			buildActionMask = 2147483647;
			files = (
				14428E191E8494D2001E6B78 /* ViewController.swift in Sources */,
				14428E171E8494D2001E6B78 /* AppDelegate.swift in Sources */,
			);
			runOnlyForDeploymentPostprocessing = 0;
		};
		14428E231E8494D2001E6B78 /* Sources */ = {
			isa = PBXSourcesBuildPhase;
			buildActionMask = 2147483647;
			files = (
				14428E2C1E8494D2001E6B78 /* CI_ComparisonsTests.swift in Sources */,
			);
			runOnlyForDeploymentPostprocessing = 0;
		};
/* End PBXSourcesBuildPhase section */

/* Begin PBXTargetDependency section */
		14428E291E8494D2001E6B78 /* PBXTargetDependency */ = {
			isa = PBXTargetDependency;
			target = 14428E121E8494D2001E6B78 /* CI-Comparisons */;
			targetProxy = 14428E281E8494D2001E6B78 /* PBXContainerItemProxy */;
		};
/* End PBXTargetDependency section */

/* Begin PBXVariantGroup section */
		14428E1A1E8494D2001E6B78 /* Main.storyboard */ = {
			isa = PBXVariantGroup;
			children = (
				14428E1B1E8494D2001E6B78 /* Base */,
			);
			name = Main.storyboard;
			sourceTree = "<group>";
		};
		14428E1F1E8494D2001E6B78 /* LaunchScreen.storyboard */ = {
			isa = PBXVariantGroup;
			children = (
				14428E201E8494D2001E6B78 /* Base */,
			);
			name = LaunchScreen.storyboard;
			sourceTree = "<group>";
		};
/* End PBXVariantGroup section */

/* Begin XCBuildConfiguration section */
		14428E2E1E8494D2001E6B78 /* Debug */ = {
			isa = XCBuildConfiguration;
			buildSettings = {
				ALWAYS_SEARCH_USER_PATHS = NO;
				CLANG_ANALYZER_NONNULL = YES;
				CLANG_CXX_LANGUAGE_STANDARD = "gnu++0x";
				CLANG_CXX_LIBRARY = "libc++";
				CLANG_ENABLE_MODULES = YES;
				CLANG_ENABLE_OBJC_ARC = YES;
				CLANG_WARN_BOOL_CONVERSION = YES;
				CLANG_WARN_CONSTANT_CONVERSION = YES;
				CLANG_WARN_DIRECT_OBJC_ISA_USAGE = YES_ERROR;
				CLANG_WARN_DOCUMENTATION_COMMENTS = YES;
				CLANG_WARN_EMPTY_BODY = YES;
				CLANG_WARN_ENUM_CONVERSION = YES;
				CLANG_WARN_INFINITE_RECURSION = YES;
				CLANG_WARN_INT_CONVERSION = YES;
				CLANG_WARN_OBJC_ROOT_CLASS = YES_ERROR;
				CLANG_WARN_SUSPICIOUS_MOVE = YES;
				CLANG_WARN_UNREACHABLE_CODE = YES;
				CLANG_WARN__DUPLICATE_METHOD_MATCH = YES;
				"CODE_SIGN_IDENTITY[sdk=iphoneos*]" = "iPhone Developer";
				COPY_PHASE_STRIP = NO;
				DEBUG_INFORMATION_FORMAT = dwarf;
				ENABLE_STRICT_OBJC_MSGSEND = YES;
				ENABLE_TESTABILITY = YES;
				GCC_C_LANGUAGE_STANDARD = gnu99;
				GCC_DYNAMIC_NO_PIC = NO;
				GCC_NO_COMMON_BLOCKS = YES;
				GCC_OPTIMIZATION_LEVEL = 0;
				GCC_PREPROCESSOR_DEFINITIONS = (
					"DEBUG=1",
					"$(inherited)",
				);
				GCC_WARN_64_TO_32_BIT_CONVERSION = YES;
				GCC_WARN_ABOUT_RETURN_TYPE = YES_ERROR;
				GCC_WARN_UNDECLARED_SELECTOR = YES;
				GCC_WARN_UNINITIALIZED_AUTOS = YES_AGGRESSIVE;
				GCC_WARN_UNUSED_FUNCTION = YES;
				GCC_WARN_UNUSED_VARIABLE = YES;
				IPHONEOS_DEPLOYMENT_TARGET = 10.2;
				MTL_ENABLE_DEBUG_INFO = YES;
				ONLY_ACTIVE_ARCH = YES;
				SDKROOT = iphoneos;
				SWIFT_ACTIVE_COMPILATION_CONDITIONS = DEBUG;
				SWIFT_OPTIMIZATION_LEVEL = "-Onone";
			};
			name = Debug;
		};
		14428E2F1E8494D2001E6B78 /* Release */ = {
			isa = XCBuildConfiguration;
			buildSettings = {
				ALWAYS_SEARCH_USER_PATHS = NO;
				CLANG_ANALYZER_NONNULL = YES;
				CLANG_CXX_LANGUAGE_STANDARD = "gnu++0x";
				CLANG_CXX_LIBRARY = "libc++";
				CLANG_ENABLE_MODULES = YES;
				CLANG_ENABLE_OBJC_ARC = YES;
				CLANG_WARN_BOOL_CONVERSION = YES;
				CLANG_WARN_CONSTANT_CONVERSION = YES;
				CLANG_WARN_DIRECT_OBJC_ISA_USAGE = YES_ERROR;
				CLANG_WARN_DOCUMENTATION_COMMENTS = YES;
				CLANG_WARN_EMPTY_BODY = YES;
				CLANG_WARN_ENUM_CONVERSION = YES;
				CLANG_WARN_INFINITE_RECURSION = YES;
				CLANG_WARN_INT_CONVERSION = YES;
				CLANG_WARN_OBJC_ROOT_CLASS = YES_ERROR;
				CLANG_WARN_SUSPICIOUS_MOVE = YES;
				CLANG_WARN_UNREACHABLE_CODE = YES;
				CLANG_WARN__DUPLICATE_METHOD_MATCH = YES;
				"CODE_SIGN_IDENTITY[sdk=iphoneos*]" = "iPhone Developer";
				COPY_PHASE_STRIP = NO;
				DEBUG_INFORMATION_FORMAT = "dwarf-with-dsym";
				ENABLE_NS_ASSERTIONS = NO;
				ENABLE_STRICT_OBJC_MSGSEND = YES;
				GCC_C_LANGUAGE_STANDARD = gnu99;
				GCC_NO_COMMON_BLOCKS = YES;
				GCC_WARN_64_TO_32_BIT_CONVERSION = YES;
				GCC_WARN_ABOUT_RETURN_TYPE = YES_ERROR;
				GCC_WARN_UNDECLARED_SELECTOR = YES;
				GCC_WARN_UNINITIALIZED_AUTOS = YES_AGGRESSIVE;
				GCC_WARN_UNUSED_FUNCTION = YES;
				GCC_WARN_UNUSED_VARIABLE = YES;
				IPHONEOS_DEPLOYMENT_TARGET = 10.2;
				MTL_ENABLE_DEBUG_INFO = NO;
				SDKROOT = iphoneos;
				SWIFT_OPTIMIZATION_LEVEL = "-Owholemodule";
				VALIDATE_PRODUCT = YES;
			};
			name = Release;
		};
		14428E311E8494D2001E6B78 /* Debug */ = {
			isa = XCBuildConfiguration;
			buildSettings = {
				ASSETCATALOG_COMPILER_APPICON_NAME = AppIcon;
				INFOPLIST_FILE = "CI-Comparisons/Info.plist";
				LD_RUNPATH_SEARCH_PATHS = "$(inherited) @executable_path/Frameworks";
				PRODUCT_BUNDLE_IDENTIFIER = "nyc.accessCode.CI-Comparisons";
				PRODUCT_NAME = "$(TARGET_NAME)";
				SWIFT_VERSION = 3.0;
			};
			name = Debug;
		};
		14428E321E8494D2001E6B78 /* Release */ = {
			isa = XCBuildConfiguration;
			buildSettings = {
				ASSETCATALOG_COMPILER_APPICON_NAME = AppIcon;
				INFOPLIST_FILE = "CI-Comparisons/Info.plist";
				LD_RUNPATH_SEARCH_PATHS = "$(inherited) @executable_path/Frameworks";
				PRODUCT_BUNDLE_IDENTIFIER = "nyc.accessCode.CI-Comparisons";
				PRODUCT_NAME = "$(TARGET_NAME)";
				SWIFT_VERSION = 3.0;
			};
			name = Release;
		};
		14428E341E8494D2001E6B78 /* Debug */ = {
			isa = XCBuildConfiguration;
			buildSettings = {
				ALWAYS_EMBED_SWIFT_STANDARD_LIBRARIES = YES;
				BUNDLE_LOADER = "$(TEST_HOST)";
				INFOPLIST_FILE = "CI-ComparisonsTests/Info.plist";
				LD_RUNPATH_SEARCH_PATHS = "$(inherited) @executable_path/Frameworks @loader_path/Frameworks";
				PRODUCT_BUNDLE_IDENTIFIER = "nyc.accessCode.CI-ComparisonsTests";
				PRODUCT_NAME = "$(TARGET_NAME)";
				SWIFT_VERSION = 3.0;
				TEST_HOST = "$(BUILT_PRODUCTS_DIR)/CI-Comparisons.app/CI-Comparisons";
			};
			name = Debug;
		};
		14428E351E8494D2001E6B78 /* Release */ = {
			isa = XCBuildConfiguration;
			buildSettings = {
				ALWAYS_EMBED_SWIFT_STANDARD_LIBRARIES = YES;
				BUNDLE_LOADER = "$(TEST_HOST)";
				INFOPLIST_FILE = "CI-ComparisonsTests/Info.plist";
				LD_RUNPATH_SEARCH_PATHS = "$(inherited) @executable_path/Frameworks @loader_path/Frameworks";
				PRODUCT_BUNDLE_IDENTIFIER = "nyc.accessCode.CI-ComparisonsTests";
				PRODUCT_NAME = "$(TARGET_NAME)";
				SWIFT_VERSION = 3.0;
				TEST_HOST = "$(BUILT_PRODUCTS_DIR)/CI-Comparisons.app/CI-Comparisons";
			};
			name = Release;
		};
/* End XCBuildConfiguration section */

/* Begin XCConfigurationList section */
		14428E0E1E8494D2001E6B78 /* Build configuration list for PBXProject "CI-Comparisons" */ = {
			isa = XCConfigurationList;
			buildConfigurations = (
				14428E2E1E8494D2001E6B78 /* Debug */,
				14428E2F1E8494D2001E6B78 /* Release */,
			);
			defaultConfigurationIsVisible = 0;
			defaultConfigurationName = Release;
		};
		14428E301E8494D2001E6B78 /* Build configuration list for PBXNativeTarget "CI-Comparisons" */ = {
			isa = XCConfigurationList;
			buildConfigurations = (
				14428E311E8494D2001E6B78 /* Debug */,
				14428E321E8494D2001E6B78 /* Release */,
			);
			defaultConfigurationIsVisible = 0;
		};
		14428E331E8494D2001E6B78 /* Build configuration list for PBXNativeTarget "CI-ComparisonsTests" */ = {
			isa = XCConfigurationList;
			buildConfigurations = (
				14428E341E8494D2001E6B78 /* Debug */,
				14428E351E8494D2001E6B78 /* Release */,
			);
			defaultConfigurationIsVisible = 0;
		};
/* End XCConfigurationList section */
	};
	rootObject = 14428E0B1E8494D2001E6B78 /* Project object */;
}
